{
  "name": "demo-raw-js-samples",
  "lockfileVersion": 3,
  "requires": true,
  "packages": {
    "": {
      "dependencies": {
        "einabit.client.js": "^2.2.4"
      }
    },
    "../../client.js": {
      "name": "einabit.client.js",
      "version": "2.2.4",
      "extraneous": true,
      "license": "ISC"
    },
    "node_modules/einabit.client.js": {
      "version": "2.2.4",
      "resolved": "https://registry.npmjs.org/einabit.client.js/-/einabit.client.js-2.2.4.tgz",
      "integrity": "sha512-fUv2C3tdYzaFTSDa8xh+I58ZaHrzvxX4aduw87MijWXp1vuqfPqgCkSE/y9ebYZTuJjqKSDaO2gqXACOr1L6TA=="
    }
  }
}
